{
  "name": "volto-addons",
  "version": "1.0.0",
  "lockfileVersion": 1,
  "requires": true,
  "dependencies": {
    "@bundled-es-modules/pdfjs-dist": {
      "version": "2.1.266-rc",
      "resolved": "https://registry.npmjs.org/@bundled-es-modules/pdfjs-dist/-/pdfjs-dist-2.1.266-rc.tgz",
      "integrity": "sha512-idli/i9GA7hUW8uRIs2Y48m5QHKRv3PaVxlM1VEoOuzWoF2qLdtOepOpIy3BTblakDNt2f/gINPN7X/v9DBKoQ=="
    },
    "@esri/react-arcgis": {
      "version": "5.1.0",
      "resolved": "https://registry.npmjs.org/@esri/react-arcgis/-/react-arcgis-5.1.0.tgz",
      "integrity": "sha512-4zXVx5DoJ5OFN+s1gp9sIWsTP307NlvT7meCsFe/lqPJfs239ztYNnEy6V9tMpPBIx+Lz5fTy47SS61VJM7ToQ=="
    },
    "@mapbox/mapbox-gl-style-spec": {
      "version": "9.0.1",
      "resolved": "https://registry.npmjs.org/@mapbox/mapbox-gl-style-spec/-/mapbox-gl-style-spec-9.0.1.tgz",
      "integrity": "sha512-j3qgGIk1LDYlDOo7VGEge5o/rHkhW4Z+w9fSdgbq8ZEg8KkXdxlDZeUbeaO14s4n0ML6Nz7hSF8JNlwYXl8R7A==",
      "requires": {
        "csscolorparser": "~1.0.2",
        "jsonlint-lines-primitives": "~1.6.0",
        "lodash.isequal": "^3.0.4",
        "minimist": "0.0.8",
        "rw": "^1.3.3",
        "sort-object": "^0.3.2"
      },
      "dependencies": {
        "lodash.isequal": {
          "version": "3.0.4",
          "resolved": "https://registry.npmjs.org/lodash.isequal/-/lodash.isequal-3.0.4.tgz",
          "integrity": "sha1-HDXrO27wzR/1F0Pj6jz3/f/ay2Q=",
          "requires": {
            "lodash._baseisequal": "^3.0.0",
            "lodash._bindcallback": "^3.0.0"
          }
        }
      }
    },
    "@types/googlemaps": {
      "version": "3.39.10",
      "resolved": "https://registry.npmjs.org/@types/googlemaps/-/googlemaps-3.39.10.tgz",
      "integrity": "sha512-mEY619Pi/KbWrXkcQg0PPBlOf1BELRgQ0wroBIjp3wxdIMwlW6Em0KdRWdrgcLHLtxIJtJKUN7X9pRIthytzdA=="
    },
    "JSV": {
      "version": "4.0.2",
      "resolved": "https://registry.npmjs.org/JSV/-/JSV-4.0.2.tgz",
      "integrity": "sha1-0Hf2glVx+CEy+d/67Vh7QCn+/1c="
    },
    "ansi-styles": {
      "version": "1.0.0",
      "resolved": "https://registry.npmjs.org/ansi-styles/-/ansi-styles-1.0.0.tgz",
      "integrity": "sha1-yxAt8cVvUSPquLZ817mAJ6AnkXg="
    },
    "arcgis-react-redux-legend": {
      "version": "3.0.0",
      "resolved": "https://registry.npmjs.org/arcgis-react-redux-legend/-/arcgis-react-redux-legend-3.0.0.tgz",
      "integrity": "sha512-korLzX3dXKoxV6uEiGTsQADLTeg3EGAZ9bXdurzEOV3IU6Igno5M8az4wGTMfJOlsXir16wVM+YvCm4c7MTKIA=="
    },
    "asap": {
      "version": "2.0.6",
      "resolved": "https://registry.npmjs.org/asap/-/asap-2.0.6.tgz",
      "integrity": "sha1-5QNHYR1+aQlDIIu9r+vLwvuGbUY="
    },
    "chalk": {
      "version": "0.4.0",
      "resolved": "https://registry.npmjs.org/chalk/-/chalk-0.4.0.tgz",
      "integrity": "sha1-UZmj3c0MHv4jvAjBsCewYXbgxk8=",
      "requires": {
        "ansi-styles": "~1.0.0",
        "has-color": "~0.1.0",
        "strip-ansi": "~0.1.0"
      }
    },
    "clsx": {
      "version": "1.1.0",
      "resolved": "https://registry.npmjs.org/clsx/-/clsx-1.1.0.tgz",
      "integrity": "sha512-3avwM37fSK5oP6M5rQ9CNe99lwxhXDOeSWVPAOYF6OazUTgZCMb0yWlJpmdD74REy1gkEaFiub2ULv4fq9GUhA=="
    },
    "core-js": {
      "version": "1.2.7",
      "resolved": "https://registry.npmjs.org/core-js/-/core-js-1.2.7.tgz",
      "integrity": "sha1-ZSKUwUZR2yj6k70tX/KYOk8IxjY="
    },
    "csscolorparser": {
      "version": "1.0.3",
      "resolved": "https://registry.npmjs.org/csscolorparser/-/csscolorparser-1.0.3.tgz",
      "integrity": "sha1-s085HupNqPPpgjHizNjfnAQfFxs="
    },
    "decorate-component-with-props": {
      "version": "1.1.0",
      "resolved": "https://registry.npmjs.org/decorate-component-with-props/-/decorate-component-with-props-1.1.0.tgz",
      "integrity": "sha512-tTYQojixN64yK3/WBODMfvss/zbmyUx9HQXhzSxZiSiofeekVeRyyuToy9BCiTMrVEIKWxTcla2t3y5qdaUF7Q=="
    },
    "draft-js": {
      "version": "0.10.5",
      "resolved": "https://registry.npmjs.org/draft-js/-/draft-js-0.10.5.tgz",
      "integrity": "sha512-LE6jSCV9nkPhfVX2ggcRLA4FKs6zWq9ceuO/88BpXdNCS7mjRTgs0NsV6piUCJX9YxMsB9An33wnkMmU2sD2Zg==",
      "requires": {
        "fbjs": "^0.8.15",
        "immutable": "~3.7.4",
        "object-assign": "^4.1.0"
      }
    },
    "draft-js-alignment-plugin": {
      "version": "2.0.6",
      "resolved": "https://registry.npmjs.org/draft-js-alignment-plugin/-/draft-js-alignment-plugin-2.0.6.tgz",
      "integrity": "sha512-sHHrQFrqBa2l17UBMOlshGXdMuQhCne3vmLjGhRfcIGxNZNtaR15BTBd63k5V4s09RSSRR/AL3ldJK8t1cKqjA==",
      "requires": {
        "draft-js-buttons": "^2.0.1"
      }
    },
    "draft-js-buttons": {
      "version": "2.0.2",
      "resolved": "https://registry.npmjs.org/draft-js-buttons/-/draft-js-buttons-2.0.2.tgz",
      "integrity": "sha512-qC3vkZ4ZvKe86Uskf5CsZxgo4Rt6ITAE51sbiI5YCMasanXdMVRwbF4fQonMyahds1tgj9EeBNePOBnlKTz9gQ==",
      "requires": {
        "clsx": "^1.0.4"
      }
    },
    "draft-js-focus-plugin": {
      "version": "3.0.1",
      "resolved": "https://registry.npmjs.org/draft-js-focus-plugin/-/draft-js-focus-plugin-3.0.1.tgz",
      "integrity": "sha512-FuU7dpJ6a6FD0DJTuX31fai2nQcr+itGlCGzS1HXMsBw2pD4+V1QC1RdVCSUKhfuvm1UI/jHN5jILYWsnb3fMQ==",
      "requires": {
        "clsx": "^1.0.4",
        "immutable": "~3.7.4"
      }
    },
    "draft-js-import-element": {
      "version": "1.4.0",
      "resolved": "https://registry.npmjs.org/draft-js-import-element/-/draft-js-import-element-1.4.0.tgz",
      "integrity": "sha512-WmYT5PrCm47lGL5FkH6sRO3TTAcn7qNHsD3igiPqLG/RXrqyKrqN4+wBgbcT2lhna/yfWTRtgzAbQsSJoS1Meg==",
      "requires": {
        "draft-js-utils": "^1.4.0",
        "synthetic-dom": "^1.4.0"
      }
    },
    "draft-js-import-html": {
      "version": "1.4.1",
      "resolved": "https://registry.npmjs.org/draft-js-import-html/-/draft-js-import-html-1.4.1.tgz",
      "integrity": "sha512-KOZmtgxZriCDgg5Smr3Y09TjubvXe7rHPy/2fuLSsL+aSzwUDwH/aHDA/k47U+WfpmL4qgyg4oZhqx9TYJV0tg==",
      "requires": {
        "draft-js-import-element": "^1.4.0"
      }
    },
    "draft-js-inline-toolbar-plugin": {
      "version": "2.0.3",
      "resolved": "https://registry.npmjs.org/draft-js-inline-toolbar-plugin/-/draft-js-inline-toolbar-plugin-2.0.3.tgz",
      "integrity": "sha512-7OD7iaImu/NwBdJmv0/nmP4H4oUhjO10iFcUmDPJlmdc43icoNHABTk4/oUpn7xrunrj2GHxFexsgSEfpOTFlQ==",
      "requires": {
        "decorate-component-with-props": "^1.0.2",
        "draft-js-buttons": "^2.0.1",
        "find-with-regex": "^1.1.2",
        "immutable": "~3.7.4",
        "prop-types": "^15.5.8",
        "union-class-names": "^1.0.0"
      }
    },
    "draft-js-modifiers": {
      "version": "0.2.2",
      "resolved": "https://registry.npmjs.org/draft-js-modifiers/-/draft-js-modifiers-0.2.2.tgz",
      "integrity": "sha512-64zeY74S4um+NO5HI66scZAX6fufdpZlr6htI3ttvNkTw5Jx/3r7+ETKJ/PTnGWtzUTC7TVkeF6mP7oqtUBUQw==",
      "requires": {
        "draft-js": "~0.10.5",
        "immutable": "~3.7.4"
      }
    },
    "draft-js-plugins-editor": {
      "version": "3.0.0",
      "resolved": "https://registry.npmjs.org/draft-js-plugins-editor/-/draft-js-plugins-editor-3.0.0.tgz",
      "integrity": "sha512-bFEL0FUIPg9VK3KSeBZ3D+uMqQEVe4Cv7++LWCMASRH02jy6x2f87NRxSZLzTQES5+oL6Qg+OEUlaTn409145A==",
      "requires": {
        "immutable": "~3.7.4",
        "prop-types": "^15.5.8"
      }
    },
    "draft-js-resizeable-plugin": {
      "version": "2.0.9",
      "resolved": "https://registry.npmjs.org/draft-js-resizeable-plugin/-/draft-js-resizeable-plugin-2.0.9.tgz",
      "integrity": "sha512-hInVpzSt7VK0M+j81BAfEk1S1fGo2sse+KZT8nXu7zTebdUGhJWwBjIMztYuY/NQSq+h+5MqKY40aZ6DkZ1R9w=="
    },
    "draft-js-utils": {
      "version": "1.4.0",
      "resolved": "https://registry.npmjs.org/draft-js-utils/-/draft-js-utils-1.4.0.tgz",
      "integrity": "sha512-8s9FFuKC+lOWGwJ0b3om2PF+uXrqQPaEQlPJI7UxdzxTYGMeKouMPA9+YlPn52zcAVElIZtd2tXj6eQmvlKelw=="
    },
    "draft-js-video-plugin": {
      "version": "2.0.2",
      "resolved": "https://registry.npmjs.org/draft-js-video-plugin/-/draft-js-video-plugin-2.0.2.tgz",
      "integrity": "sha512-mp6OCyVahsRNTjz5saZvDEqJIycyYk+6uRYq7Dv2aAzAYjY8rOVBv8x7DBEFUefWe9Lh0PgGg7tVgchD2ZbT3Q==",
      "requires": {
        "prop-types": "^15.5.8"
      }
    },
    "elm-pep": {
      "version": "1.0.6",
      "resolved": "https://registry.npmjs.org/elm-pep/-/elm-pep-1.0.6.tgz",
      "integrity": "sha512-1DJ6ReFk8+GtgoqRiEhBo28K69Rxe9Bfc7h16+1VMQT2KlCuPBYj5W33OYa2AZpqkuqCBLhcNzO10zxJVakapA=="
    },
    "encoding": {
      "version": "0.1.12",
      "resolved": "https://registry.npmjs.org/encoding/-/encoding-0.1.12.tgz",
      "integrity": "sha1-U4tm8+5izRq1HsMjgp0flIDHS+s=",
      "requires": {
        "iconv-lite": "~0.4.13"
      }
    },
    "esri-loader": {
      "version": "2.14.0",
      "resolved": "https://registry.npmjs.org/esri-loader/-/esri-loader-2.14.0.tgz",
      "integrity": "sha512-ptDU9FyYeiY3etp3WaQNRJ6gIo3+R6umQ9r00QF96OkRjtZReEvKdbje5KbKLuAs/LKLwbivddL2izKvL4HSoQ=="
    },
    "fbjs": {
      "version": "0.8.17",
      "resolved": "https://registry.npmjs.org/fbjs/-/fbjs-0.8.17.tgz",
      "integrity": "sha1-xNWY6taUkRJlPWWIsBpc3Nn5D90=",
      "requires": {
        "core-js": "^1.0.0",
        "isomorphic-fetch": "^2.1.1",
        "loose-envify": "^1.0.0",
        "object-assign": "^4.1.0",
        "promise": "^7.1.1",
        "setimmediate": "^1.0.5",
        "ua-parser-js": "^0.7.18"
      }
    },
    "find-with-regex": {
      "version": "1.1.3",
      "resolved": "https://registry.npmjs.org/find-with-regex/-/find-with-regex-1.1.3.tgz",
      "integrity": "sha512-zkEVQ1H3PIQL/19ADKt1lCQU4QGM3OneiderUcFgn5EgTm/TnoUh7HxPAwP8w/vXxWSLC6KtpbDQpypJ5+majw=="
    },
    "google-maps": {
      "version": "3.3.0",
      "resolved": "https://registry.npmjs.org/google-maps/-/google-maps-3.3.0.tgz",
      "integrity": "sha512-pj4En0cWKG+lcBvC7qrzu5ItiMsYNTgjG2capsPzAbAM/O8ftugGpUUftTTwdGL8KlNvB4CEZ6IBWwpWYzUEpw=="
    },
    "has-color": {
      "version": "0.1.7",
      "resolved": "https://registry.npmjs.org/has-color/-/has-color-0.1.7.tgz",
      "integrity": "sha1-ZxRKUmDDT8PMpnfQQdr1L+e3iy8="
    },
    "highlight-words-core": {
      "version": "1.2.2",
      "resolved": "https://registry.npmjs.org/highlight-words-core/-/highlight-words-core-1.2.2.tgz",
      "integrity": "sha512-BXUKIkUuh6cmmxzi5OIbUJxrG8OAk2MqoL1DtO3Wo9D2faJg2ph5ntyuQeLqaHJmzER6H5tllCDA9ZnNe9BVGg=="
    },
    "hoist-non-react-statics": {
      "version": "1.2.0",
      "resolved": "https://registry.npmjs.org/hoist-non-react-statics/-/hoist-non-react-statics-1.2.0.tgz",
      "integrity": "sha1-qkSM8JhtVcxAdzsXF0t90GbLfPs="
    },
    "iconv-lite": {
      "version": "0.4.24",
      "resolved": "https://registry.npmjs.org/iconv-lite/-/iconv-lite-0.4.24.tgz",
      "integrity": "sha512-v3MXnZAcvnywkTUEZomIActle7RXXeedOR31wwl7VlyoXO4Qi9arvSenNQWne1TcRwhCL1HwLI21bEqdpj8/rA==",
      "requires": {
        "safer-buffer": ">= 2.1.2 < 3"
      }
    },
    "ieee754": {
      "version": "1.1.13",
      "resolved": "https://registry.npmjs.org/ieee754/-/ieee754-1.1.13.tgz",
      "integrity": "sha512-4vf7I2LYV/HaWerSo3XmlMkp5eZ83i+/CDluXi/IGTs/O1sejBNhTtnxzmRZfvOUqj7lZjqHkeTvpgSFDlWZTg=="
    },
    "immutable": {
      "version": "3.7.6",
      "resolved": "https://registry.npmjs.org/immutable/-/immutable-3.7.6.tgz",
      "integrity": "sha1-E7TTyxK++hVIKib+Gy665kAHHks="
    },
    "is-stream": {
      "version": "1.1.0",
      "resolved": "https://registry.npmjs.org/is-stream/-/is-stream-1.1.0.tgz",
      "integrity": "sha1-EtSj3U5o4Lec6428hBc66A2RykQ="
    },
    "isomorphic-fetch": {
      "version": "2.2.1",
      "resolved": "https://registry.npmjs.org/isomorphic-fetch/-/isomorphic-fetch-2.2.1.tgz",
      "integrity": "sha1-YRrhrPFPXoH3KVB0coGf6XM1WKk=",
      "requires": {
        "node-fetch": "^1.0.1",
        "whatwg-fetch": ">=0.10.0"
      }
    },
    "js-tokens": {
      "version": "4.0.0",
      "resolved": "https://registry.npmjs.org/js-tokens/-/js-tokens-4.0.0.tgz",
      "integrity": "sha512-RdJUflcE3cUzKiMqQgsCu06FPu9UdIJO0beYbPhHN4k6apgJtifcoCtT9bcxOpYBtpD2kCM6Sbzg4CausW/PKQ=="
    },
    "jsonlint-lines-primitives": {
      "version": "1.6.0",
      "resolved": "https://registry.npmjs.org/jsonlint-lines-primitives/-/jsonlint-lines-primitives-1.6.0.tgz",
      "integrity": "sha1-u4n2DIubYS/ZE92qI2ZJuEDYZhE=",
      "requires": {
        "JSV": ">= 4.0.x",
        "nomnom": ">= 1.5.x"
      }
    },
    "lodash._baseisequal": {
      "version": "3.0.7",
      "resolved": "https://registry.npmjs.org/lodash._baseisequal/-/lodash._baseisequal-3.0.7.tgz",
      "integrity": "sha1-2AJfdjOdKTQnZ9zIh85cuVpbUfE=",
      "requires": {
        "lodash.isarray": "^3.0.0",
        "lodash.istypedarray": "^3.0.0",
        "lodash.keys": "^3.0.0"
      }
    },
    "lodash._bindcallback": {
      "version": "3.0.1",
      "resolved": "https://registry.npmjs.org/lodash._bindcallback/-/lodash._bindcallback-3.0.1.tgz",
      "integrity": "sha1-5THCdkTPi1epnhftlbNcdIeJOS4="
    },
    "lodash._getnative": {
      "version": "3.9.1",
      "resolved": "https://registry.npmjs.org/lodash._getnative/-/lodash._getnative-3.9.1.tgz",
      "integrity": "sha1-VwvH3t5G1hzc3mh9ZdPuy6o6r/U="
    },
    "lodash.debounce": {
      "version": "4.0.8",
      "resolved": "https://registry.npmjs.org/lodash.debounce/-/lodash.debounce-4.0.8.tgz",
      "integrity": "sha1-gteb/zCmfEAF/9XiUVMArZyk168="
    },
    "lodash.isarguments": {
      "version": "3.1.0",
      "resolved": "https://registry.npmjs.org/lodash.isarguments/-/lodash.isarguments-3.1.0.tgz",
      "integrity": "sha1-L1c9hcaiQon/AGY7SRwdM4/zRYo="
    },
    "lodash.isarray": {
      "version": "3.0.4",
      "resolved": "https://registry.npmjs.org/lodash.isarray/-/lodash.isarray-3.0.4.tgz",
      "integrity": "sha1-eeTriMNqgSKvhvhEqpvNhRtfu1U="
    },
    "lodash.isequal": {
      "version": "4.5.0",
      "resolved": "https://registry.npmjs.org/lodash.isequal/-/lodash.isequal-4.5.0.tgz",
      "integrity": "sha1-QVxEePK8wwEgwizhDtMib30+GOA="
    },
    "lodash.istypedarray": {
      "version": "3.0.6",
      "resolved": "https://registry.npmjs.org/lodash.istypedarray/-/lodash.istypedarray-3.0.6.tgz",
      "integrity": "sha1-yaR3SYYHUB2OhJTSg7h8OSgc72I="
    },
    "lodash.keys": {
      "version": "3.1.2",
      "resolved": "https://registry.npmjs.org/lodash.keys/-/lodash.keys-3.1.2.tgz",
      "integrity": "sha1-TbwEcrFWvlCgsoaFXRvQsMZWCYo=",
      "requires": {
        "lodash._getnative": "^3.0.0",
        "lodash.isarguments": "^3.0.0",
        "lodash.isarray": "^3.0.0"
      }
    },
    "lodash.throttle": {
      "version": "4.1.1",
      "resolved": "https://registry.npmjs.org/lodash.throttle/-/lodash.throttle-4.1.1.tgz",
      "integrity": "sha1-wj6RtxAkKscMN/HhzaknTMOb8vQ="
    },
    "loose-envify": {
      "version": "1.4.0",
      "resolved": "https://registry.npmjs.org/loose-envify/-/loose-envify-1.4.0.tgz",
      "integrity": "sha512-lyuxPGr/Wfhrlem2CL/UcnUc1zcqKAImBDzukY7Y5F/yQiNdko6+fRLevlw1HgMySw7f611UIY408EtxRSoK3Q==",
      "requires": {
        "js-tokens": "^3.0.0 || ^4.0.0"
      }
    },
    "mapbox-to-css-font": {
      "version": "2.4.0",
      "resolved": "https://registry.npmjs.org/mapbox-to-css-font/-/mapbox-to-css-font-2.4.0.tgz",
      "integrity": "sha512-v674D0WtpxCXlA6E+sBlG1QJWdUkz/s9qAD91bJSXBGuBL5lL4tJXpoJEftecphCh2SVQCjWMS2vhylc3AIQTg=="
    },
    "memoize-one": {
      "version": "4.0.3",
      "resolved": "https://registry.npmjs.org/memoize-one/-/memoize-one-4.0.3.tgz",
      "integrity": "sha512-QmpUu4KqDmX0plH4u+tf0riMc1KHE1+lw95cMrLlXQAFOx/xnBtwhZ52XJxd9X2O6kwKBqX32kmhbhlobD0cuw=="
    },
    "minimist": {
      "version": "0.0.8",
      "resolved": "https://registry.npmjs.org/minimist/-/minimist-0.0.8.tgz",
      "integrity": "sha1-hX/Kv8M5fSYluCKCYuhqp6ARsF0="
    },
    "node-fetch": {
      "version": "1.7.3",
      "resolved": "https://registry.npmjs.org/node-fetch/-/node-fetch-1.7.3.tgz",
      "integrity": "sha512-NhZ4CsKx7cYm2vSrBAr2PvFOe6sWDf0UYLRqA6svUYg7+/TSfVAu49jYC4BvQ4Sms9SZgdqGBgroqfDhJdTyKQ==",
      "requires": {
        "encoding": "^0.1.11",
        "is-stream": "^1.0.1"
      }
    },
    "nomnom": {
      "version": "1.8.1",
      "resolved": "https://registry.npmjs.org/nomnom/-/nomnom-1.8.1.tgz",
      "integrity": "sha1-IVH3Ikcrp55Qp2/BJbuMjy5Nwqc=",
      "requires": {
        "chalk": "~0.4.0",
        "underscore": "~1.6.0"
      }
    },
    "object-assign": {
      "version": "4.1.1",
      "resolved": "https://registry.npmjs.org/object-assign/-/object-assign-4.1.1.tgz",
      "integrity": "sha1-IQmtx5ZYh8/AXLvUQsrIv7s2CGM="
    },
    "ol": {
      "version": "6.3.1",
      "resolved": "https://registry.npmjs.org/ol/-/ol-6.3.1.tgz",
      "integrity": "sha512-cSSYizzUJQ7AhFSrLPAKopjDXPCHtJsXSmjf3xutPG+iyBeD9IOepQGSgpOSZavPI1gsYh9wowiH+NZwVJ/NYQ==",
      "requires": {
        "elm-pep": "^1.0.4",
        "pbf": "3.2.1",
        "pixelworks": "1.1.0",
        "rbush": "^3.0.1"
      }
    },
    "ol-mapbox-style": {
      "version": "2.11.2",
      "resolved": "https://registry.npmjs.org/ol-mapbox-style/-/ol-mapbox-style-2.11.2.tgz",
      "integrity": "sha512-5tmxuP2RapS1ntBWjtdYLYmktp+lPr89vZL1RAgPfkXgrT1mscwVzS9O+t2gTPmPvH1Q1nd42gLkgyBemPB2Qg==",
      "requires": {
        "@mapbox/mapbox-gl-style-spec": "^9.0.1",
        "mapbox-to-css-font": "^2.1.0",
        "webfont-matcher": "^1.1.0"
      }
    },
    "pbf": {
      "version": "3.2.1",
      "resolved": "https://registry.npmjs.org/pbf/-/pbf-3.2.1.tgz",
      "integrity": "sha512-ClrV7pNOn7rtmoQVF4TS1vyU0WhYRnP92fzbfF75jAIwpnzdJXf8iTd4CMEqO4yUenH6NDqLiwjqlh6QgZzgLQ==",
      "requires": {
        "ieee754": "^1.1.12",
        "resolve-protobuf-schema": "^2.1.0"
      }
    },
    "pixelworks": {
      "version": "1.1.0",
      "resolved": "https://registry.npmjs.org/pixelworks/-/pixelworks-1.1.0.tgz",
      "integrity": "sha1-Hwla1I3Ki/ihyCWOAJIDGkTyLKU="
    },
    "promise": {
      "version": "7.3.1",
      "resolved": "https://registry.npmjs.org/promise/-/promise-7.3.1.tgz",
      "integrity": "sha512-nolQXZ/4L+bP/UGlkfaIujX9BKxGwmQ9OT4mOt5yvy8iK1h3wqTEJCijzGANTCCl9nWjY41juyAn2K3Q1hLLTg==",
      "requires": {
        "asap": "~2.0.3"
      }
    },
    "prop-types": {
      "version": "15.7.2",
      "resolved": "https://registry.npmjs.org/prop-types/-/prop-types-15.7.2.tgz",
      "integrity": "sha512-8QQikdH7//R2vurIJSutZ1smHYTcLpRWEOlHnzcWHmBYrOGUysKwSsrC89BCiFj3CbrfJ/nXFdJepOVrY1GCHQ==",
      "requires": {
        "loose-envify": "^1.4.0",
        "object-assign": "^4.1.1",
        "react-is": "^16.8.1"
      }
    },
    "protocol-buffers-schema": {
      "version": "3.4.0",
      "resolved": "https://registry.npmjs.org/protocol-buffers-schema/-/protocol-buffers-schema-3.4.0.tgz",
      "integrity": "sha512-G/2kcamPF2S49W5yaMGdIpkG6+5wZF0fzBteLKgEHjbNzqjZQ85aAs1iJGto31EJaSTkNvHs5IXuHSaTLWBAiA=="
    },
    "punycode": {
      "version": "2.1.1",
      "resolved": "https://registry.npmjs.org/punycode/-/punycode-2.1.1.tgz",
      "integrity": "sha512-XRsRjdf+j5ml+y/6GKHPZbrF/8p2Yga0JPtdqTIY2Xe5ohJPD9saDJJLPvp9+NSBprVvevdXZybnj2cv8OEd0A=="
    },
    "quickselect": {
      "version": "2.0.0",
      "resolved": "https://registry.npmjs.org/quickselect/-/quickselect-2.0.0.tgz",
      "integrity": "sha512-RKJ22hX8mHe3Y6wH/N3wCM6BWtjaxIyyUIkpHOvfFnxdI4yD4tBXEBKSbriGujF6jnSVkJrffuo6vxACiSSxIw=="
    },
    "rbush": {
      "version": "3.0.1",
      "resolved": "https://registry.npmjs.org/rbush/-/rbush-3.0.1.tgz",
      "integrity": "sha512-XRaVO0YecOpEuIvbhbpTrZgoiI6xBlz6hnlr6EHhd+0x9ase6EmeN+hdwwUaJvLcsFFQ8iWVF1GAK1yB0BWi0w==",
      "requires": {
        "quickselect": "^2.0.0"
      }
    },
    "react-async-loader": {
      "version": "0.1.2",
      "resolved": "https://registry.npmjs.org/react-async-loader/-/react-async-loader-0.1.2.tgz",
      "integrity": "sha1-jJhTgUh/0cEm7JCzoDx1nwwLlIA=",
      "requires": {
        "hoist-non-react-statics": "^1.0.3"
      }
    },
    "react-async-script-loader": {
      "version": "0.2.2",
      "resolved": "https://registry.npmjs.org/react-async-script-loader/-/react-async-script-loader-0.2.2.tgz",
      "integrity": "sha1-cK5EwUNTmi8tT3mqXxd/JE7qjFU=",
      "requires": {
        "hoist-non-react-statics": "^1.0.3"
      }
    },
    "react-highlight-words": {
      "version": "0.16.0",
      "resolved": "https://registry.npmjs.org/react-highlight-words/-/react-highlight-words-0.16.0.tgz",
      "integrity": "sha512-q34TwCSJOL+5pVDv6LUj3amaoyXdNDwd7zRqVAvceOrO9g1haWLAglK6WkGLMNUa3PFN8EgGedLg/k8Gpndxqg==",
      "requires": {
        "highlight-words-core": "^1.2.0",
        "memoize-one": "^4.0.0",
        "prop-types": "^15.5.8"
      }
    },
    "react-image-gallery": {
      "version": "1.0.7",
      "resolved": "https://registry.npmjs.org/react-image-gallery/-/react-image-gallery-1.0.7.tgz",
      "integrity": "sha512-4M8HdzTmH13kFNXezcsL6gWT460HUUqlKoAN0XUZMFSQIXdx7eGSj7dkjQlij2UJVZ6LGpjXcEVR7YzJ1Gz9Sg==",
      "requires": {
        "clsx": "^1.0.4",
        "lodash.debounce": "^4.0.8",
        "lodash.isequal": "^4.5.0",
        "lodash.throttle": "^4.1.1",
        "prop-types": "^15.5.8",
        "react-swipeable": "^5.2.0",
        "resize-observer-polyfill": "^1.5.0"
      }
    },
    "react-is": {
      "version": "16.13.1",
      "resolved": "https://registry.npmjs.org/react-is/-/react-is-16.13.1.tgz",
      "integrity": "sha512-24e6ynE2H+OKt4kqsOvNd8kBpV65zoxbA4BVsEOB3ARVWQki/DHzaUoC5KuON/BiccDaCCTZBuOcfZs70kR8bQ=="
    },
    "react-lazy-load-image-component": {
      "version": "1.4.3",
      "resolved": "https://registry.npmjs.org/react-lazy-load-image-component/-/react-lazy-load-image-component-1.4.3.tgz",
      "integrity": "sha512-F7SuCjqJkfRUXAcVxx3mms92mbO6W20v+utPRAQHHncT6KJF61XPo1TLL2e+9LhuA/KZkIsSr7xo7srItbVefg==",
      "requires": {
        "lodash.debounce": "^4.0.8",
        "lodash.throttle": "^4.1.1"
      }
    },
    "react-openlayers": {
      "version": "0.3.0",
      "resolved": "https://registry.npmjs.org/react-openlayers/-/react-openlayers-0.3.0.tgz",
      "integrity": "sha512-TUf5kqr6OkCjx1YS8ztdTKSz7YvOd/TwZz0ieZ9WnixJbiKB4PO6XXpLAL4glsURRcOkshY1NWJYDVvm+LItow==",
      "requires": {
        "@types/googlemaps": "^3.26.4",
        "google-maps": "^3.2.1",
        "ol-mapbox-style": "^2.1.1",
        "react-async-loader": "^0.1.2",
        "react-async-script-loader": "^0.2.2"
      }
    },
    "react-pdf-js": {
      "version": "5.1.0",
      "resolved": "https://registry.npmjs.org/react-pdf-js/-/react-pdf-js-5.1.0.tgz",
      "integrity": "sha512-l/norbM4BocUJcD0o46b5U4XWTZI1FN1+wfhosPKGy0cJ3T7Ck7GGfr3KXsH5ljc8lyifZPMAm6Rvsbe8OzBbQ==",
      "requires": {
        "@bundled-es-modules/pdfjs-dist": "2.1.266-rc"
      }
    },
    "react-swipeable": {
      "version": "5.5.1",
      "resolved": "https://registry.npmjs.org/react-swipeable/-/react-swipeable-5.5.1.tgz",
      "integrity": "sha512-EQObuU3Qg3JdX3WxOn5reZvOSCpU4fwpUAs+NlXSN3y+qtsO2r8VGkVnOQzmByt3BSYj9EWYdUOUfi7vaMdZZw==",
      "requires": {
        "prop-types": "^15.6.2"
      }
    },
    "redraft": {
      "version": "0.10.2",
      "resolved": "https://registry.npmjs.org/redraft/-/redraft-0.10.2.tgz",
      "integrity": "sha512-yy5EcJogY+2MlfBu6uwxQ0r5KzWra9lZRfHpG9czGoxOw8k8woHlVD1LlT1hp/n0zLNLvaIJ9EKE1NgcYgfI+A==",
      "requires": {
        "punycode": "^2.1.0"
      }
    },
    "resize-observer-polyfill": {
      "version": "1.5.1",
      "resolved": "https://registry.npmjs.org/resize-observer-polyfill/-/resize-observer-polyfill-1.5.1.tgz",
      "integrity": "sha512-LwZrotdHOo12nQuZlHEmtuXdqGoOD0OhaxopaNFxWzInpEgaLWoVuAMbTzixuosCx2nEG58ngzW3vxdWoxIgdg=="
    },
    "resolve-protobuf-schema": {
      "version": "2.1.0",
      "resolved": "https://registry.npmjs.org/resolve-protobuf-schema/-/resolve-protobuf-schema-2.1.0.tgz",
      "integrity": "sha512-kI5ffTiZWmJaS/huM8wZfEMer1eRd7oJQhDuxeCLe3t7N7mX3z94CN0xPxBQxFYQTSNz9T0i+v6inKqSdK8xrQ==",
      "requires": {
        "protocol-buffers-schema": "^3.3.1"
      }
    },
    "rw": {
      "version": "1.3.3",
      "resolved": "https://registry.npmjs.org/rw/-/rw-1.3.3.tgz",
      "integrity": "sha1-P4Yt+pGrdmsUiF700BEkv9oHT7Q="
    },
    "safer-buffer": {
      "version": "2.1.2",
      "resolved": "https://registry.npmjs.org/safer-buffer/-/safer-buffer-2.1.2.tgz",
      "integrity": "sha512-YZo3K82SD7Riyi0E1EQPojLz7kpepnSQI9IyPbHHg1XXXevb5dJI7tpyN2ADxGcQbHG7vcyRHk0cbwqcQriUtg=="
    },
    "setimmediate": {
      "version": "1.0.5",
      "resolved": "https://registry.npmjs.org/setimmediate/-/setimmediate-1.0.5.tgz",
      "integrity": "sha1-KQy7Iy4waULX1+qbg3Mqt4VvgoU="
    },
    "sort-asc": {
      "version": "0.1.0",
      "resolved": "https://registry.npmjs.org/sort-asc/-/sort-asc-0.1.0.tgz",
      "integrity": "sha1-q3md9h/HPqCVbHnEtTHtHp53J+k="
    },
    "sort-desc": {
      "version": "0.1.1",
      "resolved": "https://registry.npmjs.org/sort-desc/-/sort-desc-0.1.1.tgz",
      "integrity": "sha1-GYuMDN6wlcRjNBhh45JdTuNZqe4="
    },
    "sort-object": {
      "version": "0.3.2",
      "resolved": "https://registry.npmjs.org/sort-object/-/sort-object-0.3.2.tgz",
      "integrity": "sha1-mODRme3kDgfGGoRAPGHWw7KQ+eI=",
      "requires": {
        "sort-asc": "^0.1.0",
        "sort-desc": "^0.1.1"
      }
    },
    "strip-ansi": {
      "version": "0.1.1",
      "resolved": "https://registry.npmjs.org/strip-ansi/-/strip-ansi-0.1.1.tgz",
      "integrity": "sha1-OeipjQRNFQZgq+SmgIrPcLt7yZE="
    },
    "synthetic-dom": {
      "version": "1.4.0",
      "resolved": "https://registry.npmjs.org/synthetic-dom/-/synthetic-dom-1.4.0.tgz",
      "integrity": "sha512-mHv51ZsmZ+ShT/4s5kg+MGUIhY7Ltq4v03xpN1c8T1Krb5pScsh/lzEjyhrVD0soVDbThbd2e+4dD9vnDG4rhg=="
    },
    "ua-parser-js": {
      "version": "0.7.21",
      "resolved": "https://registry.npmjs.org/ua-parser-js/-/ua-parser-js-0.7.21.tgz",
      "integrity": "sha512-+O8/qh/Qj8CgC6eYBVBykMrNtp5Gebn4dlGD/kKXVkJNDwyrAwSIqwz8CDf+tsAIWVycKcku6gIXJ0qwx/ZXaQ=="
    },
    "underscore": {
      "version": "1.6.0",
      "resolved": "https://registry.npmjs.org/underscore/-/underscore-1.6.0.tgz",
      "integrity": "sha1-izixDKze9jM3uLJOT/htRa6lKag="
    },
    "union-class-names": {
      "version": "1.0.0",
      "resolved": "https://registry.npmjs.org/union-class-names/-/union-class-names-1.0.0.tgz",
      "integrity": "sha1-kllgitrMOQlKKwz+FseOYgBheEc="
    },
    "webfont-matcher": {
      "version": "1.1.0",
      "resolved": "https://registry.npmjs.org/webfont-matcher/-/webfont-matcher-1.1.0.tgz",
      "integrity": "sha1-mM6VCXsp4x++czBT4Q5XFkLRxsc="
    },
    "whatwg-fetch": {
      "version": "3.0.0",
      "resolved": "https://registry.npmjs.org/whatwg-fetch/-/whatwg-fetch-3.0.0.tgz",
      "integrity": "sha512-9GSJUgz1D4MfyKU7KRqwOjXCXTqWdFNvEr7eUBYchQiVc744mqK/MzXPNR2WsPkmkOa4ywfg8C2n8h+13Bey1Q=="
    }
  }
}
